PODS:
  - Tor (409.5.1):
    - Tor/CTor (= 409.5.1)
  - Tor/Core (409.5.1)
  - Tor/CTor (409.5.1):
    - Tor/Core

DEPENDENCIES:
  - Tor (~> 409)

SPEC REPOS:
  trunk:
    - Tor

SPEC CHECKSUMS:
  Tor: fb12b6bcfa1309d3e40e98908eabd28e5ff4bb61

PODFILE CHECKSUM: d49adda9509a72951bcf7f7ac96ff1be82c607c5

COCOAPODS: 1.16.2
