// !$*UTF8*$!
{
	archiveVersion = 1;
	classes = {
	};
	objectVersion = 50;
	objects = {

/* Begin PBXBuildFile section */
		07938404210DAD3800C3C799 /* RestoreGuide.storyboard in Resources */ = {isa = PBXBuildFile; fileRef = 07938403210DAD3800C3C799 /* RestoreGuide.storyboard */; };
		07938407210DB46C00C3C799 /* RestoreWalletController.swift in Sources */ = {isa = PBXBuildFile; fileRef = 07938406210DB46C00C3C799 /* RestoreWalletController.swift */; };
		0793840C210DC8A000C3C799 /* EnterRecoveryKeyController.swift in Sources */ = {isa = PBXBuildFile; fileRef = 0793840B210DC8A000C3C799 /* EnterRecoveryKeyController.swift */; };
		0793840E210DD2ED00C3C799 /* UIView+Shake.swift in Sources */ = {isa = PBXBuildFile; fileRef = 0793840D210DD2ED00C3C799 /* UIView+Shake.swift */; };
		07938410210DD73900C3C799 /* FinalRecoveryController.swift in Sources */ = {isa = PBXBuildFile; fileRef = 0793840F210DD73900C3C799 /* FinalRecoveryController.swift */; };
		07B9F44D2107C6C500871990 /* InsightAPIClient.swift in Sources */ = {isa = PBXBuildFile; fileRef = 07B9F44C2107C6C500871990 /* InsightAPIClient.swift */; };
		07B9F4542107C9EB00871990 /* BlockchainInfo.swift in Sources */ = {isa = PBXBuildFile; fileRef = 07B9F4532107C9EB00871990 /* BlockchainInfo.swift */; };
		07C88D6A210D047E00094EA1 /* URLSession.swift in Sources */ = {isa = PBXBuildFile; fileRef = 07C88D69210D047D00094EA1 /* URLSession.swift */; };
		A305DD95210641C300911B64 /* MainTabbarNavigator.storyboard in Resources */ = {isa = PBXBuildFile; fileRef = A305DD94210641C300911B64 /* MainTabbarNavigator.storyboard */; };
		A305DD99210666AD00911B64 /* SelectPinViewController.swift in Sources */ = {isa = PBXBuildFile; fileRef = A305DD98210666AD00911B64 /* SelectPinViewController.swift */; };
		A305DD9D21066B1100911B64 /* TransparantNavigationBar.swift in Sources */ = {isa = PBXBuildFile; fileRef = A305DD9C21066B1100911B64 /* TransparantNavigationBar.swift */; };
		A305DDA121068BCF00911B64 /* UIFont+Default.swift in Sources */ = {isa = PBXBuildFile; fileRef = A305DDA021068BCF00911B64 /* UIFont+Default.swift */; };
		A305DDA32106917400911B64 /* RoundedButton.swift in Sources */ = {isa = PBXBuildFile; fileRef = A305DDA22106917400911B64 /* RoundedButton.swift */; };
		A305DDA52106940E00911B64 /* .gitignore in Resources */ = {isa = PBXBuildFile; fileRef = A305DDA42106940E00911B64 /* .gitignore */; };
		A305DDAE210782EB00911B64 /* PinTextField.swift in Sources */ = {isa = PBXBuildFile; fileRef = A305DDAD210782EB00911B64 /* PinTextField.swift */; };
		A305DDB02107889200911B64 /* UIColor+Default.swift in Sources */ = {isa = PBXBuildFile; fileRef = A305DDAF2107889200911B64 /* UIColor+Default.swift */; };
		A305DDB22107A1F100911B64 /* PinKeyboard.swift in Sources */ = {isa = PBXBuildFile; fileRef = A305DDB12107A1F100911B64 /* PinKeyboard.swift */; };
		A305DDB42107A1FB00911B64 /* Keyboard.swift in Sources */ = {isa = PBXBuildFile; fileRef = A305DDB32107A1FB00911B64 /* Keyboard.swift */; };
		A305DDB72107A6CB00911B64 /* PanelView.swift in Sources */ = {isa = PBXBuildFile; fileRef = A305DDB62107A6CB00911B64 /* PanelView.swift */; };
		A305DDBA2107BB8B00911B64 /* KeyboardDelegate.swift in Sources */ = {isa = PBXBuildFile; fileRef = A305DDB92107BB8B00911B64 /* KeyboardDelegate.swift */; };
		A305DDBD2107C7F600911B64 /* KeyboardKey.swift in Sources */ = {isa = PBXBuildFile; fileRef = A305DDBC2107C7F600911B64 /* KeyboardKey.swift */; };
		A305DDBF2107C82200911B64 /* EmptyKey.swift in Sources */ = {isa = PBXBuildFile; fileRef = A305DDBE2107C82200911B64 /* EmptyKey.swift */; };
		A305DDC12107C82A00911B64 /* ImageKey.swift in Sources */ = {isa = PBXBuildFile; fileRef = A305DDC02107C82A00911B64 /* ImageKey.swift */; };
		A305DDC32107C83200911B64 /* NumberKey.swift in Sources */ = {isa = PBXBuildFile; fileRef = A305DDC22107C83200911B64 /* NumberKey.swift */; };
		A305DDC52107C9E300911B64 /* BackKey.swift in Sources */ = {isa = PBXBuildFile; fileRef = A305DDC42107C9E300911B64 /* BackKey.swift */; };
		A32566412112588D006FB08A /* SettingsTableViewController.swift in Sources */ = {isa = PBXBuildFile; fileRef = A32566402112588D006FB08A /* SettingsTableViewController.swift */; };
		A325664321135A00006FB08A /* Settings.storyboard in Resources */ = {isa = PBXBuildFile; fileRef = A325664221135A00006FB08A /* Settings.storyboard */; };
		A32566452113729C006FB08A /* Receive.storyboard in Resources */ = {isa = PBXBuildFile; fileRef = A32566442113729C006FB08A /* Receive.storyboard */; };
		A3256647211372A7006FB08A /* Send.storyboard in Resources */ = {isa = PBXBuildFile; fileRef = A3256646211372A7006FB08A /* Send.storyboard */; };
		A3256649211372B3006FB08A /* Transactions.storyboard in Resources */ = {isa = PBXBuildFile; fileRef = A3256648211372B3006FB08A /* Transactions.storyboard */; };
		A325664B211373FF006FB08A /* Wallet.storyboard in Resources */ = {isa = PBXBuildFile; fileRef = A325664A211373FF006FB08A /* Wallet.storyboard */; };
		A325664D211375E5006FB08A /* PinUnlockViewController.swift in Sources */ = {isa = PBXBuildFile; fileRef = A325664C211375E5006FB08A /* PinUnlockViewController.swift */; };
		A325664F2113B504006FB08A /* CurrencyTableViewController.swift in Sources */ = {isa = PBXBuildFile; fileRef = A325664E2113B504006FB08A /* CurrencyTableViewController.swift */; };
		A32566522115AEAC006FB08A /* XVGBalanceView.xib in Resources */ = {isa = PBXBuildFile; fileRef = A32566512115AEAC006FB08A /* XVGBalanceView.xib */; };
		A32566542115AEBF006FB08A /* XVGBalanceView.swift in Sources */ = {isa = PBXBuildFile; fileRef = A32566532115AEBF006FB08A /* XVGBalanceView.swift */; };
		A32566562115AEDB006FB08A /* FiatBalanceView.xib in Resources */ = {isa = PBXBuildFile; fileRef = A32566552115AEDB006FB08A /* FiatBalanceView.xib */; };
		A32566582115AEE8006FB08A /* FiatBalanceView.swift in Sources */ = {isa = PBXBuildFile; fileRef = A32566572115AEE8006FB08A /* FiatBalanceView.swift */; };
		A325665A2115B0DF006FB08A /* BalanceSlide.swift in Sources */ = {isa = PBXBuildFile; fileRef = A32566592115B0DF006FB08A /* BalanceSlide.swift */; };
		A325665D2116EF71006FB08A /* BlendedNavigationBar.swift in Sources */ = {isa = PBXBuildFile; fileRef = A325665C2116EF71006FB08A /* BlendedNavigationBar.swift */; };
		A325665F211A2219006FB08A /* SwiftyJSON.framework in Frameworks */ = {isa = PBXBuildFile; fileRef = A325665E211A2219006FB08A /* SwiftyJSON.framework */; };
		A3256661211A22C4006FB08A /* BarcodeScanner.framework in Frameworks */ = {isa = PBXBuildFile; fileRef = A3256660211A22C4006FB08A /* BarcodeScanner.framework */; };
		A3256663211A39A2006FB08A /* StatisicsAPIClient.swift in Sources */ = {isa = PBXBuildFile; fileRef = A3256662211A39A2006FB08A /* StatisicsAPIClient.swift */; };
		A3256665211A3B61006FB08A /* XvgInfo.swift in Sources */ = {isa = PBXBuildFile; fileRef = A3256664211A3B61006FB08A /* XvgInfo.swift */; };
		A338E695210CF60B000D44EE /* Setup.storyboard in Resources */ = {isa = PBXBuildFile; fileRef = A338E694210CF60B000D44EE /* Setup.storyboard */; };
		A338E698210CF725000D44EE /* LoadingTorViewController.swift in Sources */ = {isa = PBXBuildFile; fileRef = A338E697210CF725000D44EE /* LoadingTorViewController.swift */; };
		A338E69A210D1FC4000D44EE /* PaperKeyWordsViewController.swift in Sources */ = {isa = PBXBuildFile; fileRef = A338E699210D1FC4000D44EE /* PaperKeyWordsViewController.swift */; };
		A338E69C210D456D000D44EE /* ConfirmPaperkeyViewController.swift in Sources */ = {isa = PBXBuildFile; fileRef = A338E69B210D456D000D44EE /* ConfirmPaperkeyViewController.swift */; };
		A338E6A0210DC037000D44EE /* IQKeyboardManagerSwift.framework in Frameworks */ = {isa = PBXBuildFile; fileRef = A338E69F210DC037000D44EE /* IQKeyboardManagerSwift.framework */; };
		A338E6A2210DD893000D44EE /* FinishSetupViewController.swift in Sources */ = {isa = PBXBuildFile; fileRef = A338E6A1210DD893000D44EE /* FinishSetupViewController.swift */; };
		A338E6A4210DDAED000D44EE /* AbstractPaperkeyViewController.swift in Sources */ = {isa = PBXBuildFile; fileRef = A338E6A3210DDAED000D44EE /* AbstractPaperkeyViewController.swift */; };
		A338E6A6210DE489000D44EE /* Timeout.swift in Sources */ = {isa = PBXBuildFile; fileRef = A338E6A5210DE489000D44EE /* Timeout.swift */; };
		A338E6A8210E2B92000D44EE /* AbstractRestoreViewController.swift in Sources */ = {isa = PBXBuildFile; fileRef = A338E6A7210E2B92000D44EE /* AbstractRestoreViewController.swift */; };
		A338E6AC210FD53E000D44EE /* WalletViewController.swift in Sources */ = {isa = PBXBuildFile; fileRef = A338E6AB210FD53E000D44EE /* WalletViewController.swift */; };
		A338E6B0210FD558000D44EE /* TransactionsViewController.swift in Sources */ = {isa = PBXBuildFile; fileRef = A338E6AF210FD558000D44EE /* TransactionsViewController.swift */; };
		A338E6B32110D064000D44EE /* TransactionsWalletSlideView.xib in Resources */ = {isa = PBXBuildFile; fileRef = A338E6B22110D064000D44EE /* TransactionsWalletSlideView.xib */; };
		A338E6B52110D075000D44EE /* WalletSlideView.swift in Sources */ = {isa = PBXBuildFile; fileRef = A338E6B42110D075000D44EE /* WalletSlideView.swift */; };
		A338E6B72110D5D4000D44EE /* TransactionsWalletSlideView.swift in Sources */ = {isa = PBXBuildFile; fileRef = A338E6B62110D5D4000D44EE /* TransactionsWalletSlideView.swift */; };
		A338E6B92110D60F000D44EE /* ChartWalletSlideView.xib in Resources */ = {isa = PBXBuildFile; fileRef = A338E6B82110D60F000D44EE /* ChartWalletSlideView.xib */; };
		A338E6BB2110D620000D44EE /* ChartWalletSlideView.swift in Sources */ = {isa = PBXBuildFile; fileRef = A338E6BA2110D620000D44EE /* ChartWalletSlideView.swift */; };
		A338E6BD2110D642000D44EE /* SummaryWalletSlideView.xib in Resources */ = {isa = PBXBuildFile; fileRef = A338E6BC2110D642000D44EE /* SummaryWalletSlideView.xib */; };
		A338E6BF2110D64C000D44EE /* SummaryWalletSlideView.swift in Sources */ = {isa = PBXBuildFile; fileRef = A338E6BE2110D64C000D44EE /* SummaryWalletSlideView.swift */; };
		A338E6C12110F8E6000D44EE /* XvgAmountKeyboard.swift in Sources */ = {isa = PBXBuildFile; fileRef = A338E6C02110F8E6000D44EE /* XvgAmountKeyboard.swift */; };
		A338E6C32110F9CB000D44EE /* StringKey.swift in Sources */ = {isa = PBXBuildFile; fileRef = A338E6C22110F9CB000D44EE /* StringKey.swift */; };
		A338E6C62110FB31000D44EE /* SendViewController.swift in Sources */ = {isa = PBXBuildFile; fileRef = A338E6C52110FB31000D44EE /* SendViewController.swift */; };
		A338E6CA2110FC2D000D44EE /* ReceiveViewController.swift in Sources */ = {isa = PBXBuildFile; fileRef = A338E6C92110FC2D000D44EE /* ReceiveViewController.swift */; };
		A338E6CE21110A0A000D44EE /* QRCode.framework in Frameworks */ = {isa = PBXBuildFile; fileRef = A338E6CD21110A09000D44EE /* QRCode.framework */; };
		A33F6A7020EEE485001492C2 /* AppDelegate.swift in Sources */ = {isa = PBXBuildFile; fileRef = A33F6A6F20EEE485001492C2 /* AppDelegate.swift */; };
		A33F6A7220EEE485001492C2 /* WelcomeViewController.swift in Sources */ = {isa = PBXBuildFile; fileRef = A33F6A7120EEE485001492C2 /* WelcomeViewController.swift */; };
		A33F6A7520EEE485001492C2 /* WelcomeGuide.storyboard in Resources */ = {isa = PBXBuildFile; fileRef = A33F6A7320EEE485001492C2 /* WelcomeGuide.storyboard */; };
		A33F6A7820EEE485001492C2 /* VergeiOS.xcdatamodeld in Sources */ = {isa = PBXBuildFile; fileRef = A33F6A7620EEE485001492C2 /* VergeiOS.xcdatamodeld */; };
		A33F6A7A20EEE487001492C2 /* Assets.xcassets in Resources */ = {isa = PBXBuildFile; fileRef = A33F6A7920EEE487001492C2 /* Assets.xcassets */; };
		A33F6A7D20EEE487001492C2 /* LaunchScreen.storyboard in Resources */ = {isa = PBXBuildFile; fileRef = A33F6A7B20EEE487001492C2 /* LaunchScreen.storyboard */; };
		A33F6A8820EEE487001492C2 /* VergeCurrencyWalletTests.swift in Sources */ = {isa = PBXBuildFile; fileRef = A33F6A8720EEE487001492C2 /* VergeCurrencyWalletTests.swift */; };
		A33F6A9320EEE487001492C2 /* VergeCurrencyWalletUITests.swift in Sources */ = {isa = PBXBuildFile; fileRef = A33F6A9220EEE487001492C2 /* VergeCurrencyWalletUITests.swift */; };
		A376410A2107DC4E00E04521 /* KeyboardButton.swift in Sources */ = {isa = PBXBuildFile; fileRef = A37641092107DC4E00E04521 /* KeyboardButton.swift */; };
		A37641132108E79800E04521 /* NetworkExtension.framework in Frameworks */ = {isa = PBXBuildFile; fileRef = A37641122108E79800E04521 /* NetworkExtension.framework */; };
		A376411B2108F0C700E04521 /* Cartfile in Resources */ = {isa = PBXBuildFile; fileRef = A376411A2108F0C700E04521 /* Cartfile */; };
		A376411D2108F7B500E04521 /* Tor.framework in Frameworks */ = {isa = PBXBuildFile; fileRef = A376411C2108F7B500E04521 /* Tor.framework */; };
		A37641212108FC1F00E04521 /* TorClient.swift in Sources */ = {isa = PBXBuildFile; fileRef = A37641202108FC1F00E04521 /* TorClient.swift */; };
		A37641232108FCFA00E04521 /* ConfirmPinViewController.swift in Sources */ = {isa = PBXBuildFile; fileRef = A37641222108FCFA00E04521 /* ConfirmPinViewController.swift */; };
		A3764128210A298700E04521 /* AbstractKey.swift in Sources */ = {isa = PBXBuildFile; fileRef = A3764127210A298700E04521 /* AbstractKey.swift */; };
		A376412C210A500E00E04521 /* PaperKeyDescriptionViewController.swift in Sources */ = {isa = PBXBuildFile; fileRef = A376412B210A500E00E04521 /* PaperKeyDescriptionViewController.swift */; };
		A3764131210AE1D500E04521 /* Platform.swift in Sources */ = {isa = PBXBuildFile; fileRef = A3764130210AE1D500E04521 /* Platform.swift */; };
/* End PBXBuildFile section */

/* Begin PBXContainerItemProxy section */
		A33F6A8420EEE487001492C2 /* PBXContainerItemProxy */ = {
			isa = PBXContainerItemProxy;
			containerPortal = A33F6A6420EEE485001492C2 /* Project object */;
			proxyType = 1;
			remoteGlobalIDString = A33F6A6B20EEE485001492C2;
			remoteInfo = VergeCurrencyWallet;
		};
		A33F6A8F20EEE487001492C2 /* PBXContainerItemProxy */ = {
			isa = PBXContainerItemProxy;
			containerPortal = A33F6A6420EEE485001492C2 /* Project object */;
			proxyType = 1;
			remoteGlobalIDString = A33F6A6B20EEE485001492C2;
			remoteInfo = VergeCurrencyWallet;
		};
/* End PBXContainerItemProxy section */

/* Begin PBXFileReference section */
		07938403210DAD3800C3C799 /* RestoreGuide.storyboard */ = {isa = PBXFileReference; lastKnownFileType = file.storyboard; path = RestoreGuide.storyboard; sourceTree = "<group>"; };
		07938406210DB46C00C3C799 /* RestoreWalletController.swift */ = {isa = PBXFileReference; lastKnownFileType = sourcecode.swift; path = RestoreWalletController.swift; sourceTree = "<group>"; };
		0793840B210DC8A000C3C799 /* EnterRecoveryKeyController.swift */ = {isa = PBXFileReference; lastKnownFileType = sourcecode.swift; path = EnterRecoveryKeyController.swift; sourceTree = "<group>"; };
		0793840D210DD2ED00C3C799 /* UIView+Shake.swift */ = {isa = PBXFileReference; lastKnownFileType = sourcecode.swift; path = "UIView+Shake.swift"; sourceTree = "<group>"; };
		0793840F210DD73900C3C799 /* FinalRecoveryController.swift */ = {isa = PBXFileReference; lastKnownFileType = sourcecode.swift; path = FinalRecoveryController.swift; sourceTree = "<group>"; };
		07B9F44C2107C6C500871990 /* InsightAPIClient.swift */ = {isa = PBXFileReference; lastKnownFileType = sourcecode.swift; path = InsightAPIClient.swift; sourceTree = "<group>"; };
		07B9F4532107C9EB00871990 /* BlockchainInfo.swift */ = {isa = PBXFileReference; lastKnownFileType = sourcecode.swift; path = BlockchainInfo.swift; sourceTree = "<group>"; };
		07C88D69210D047D00094EA1 /* URLSession.swift */ = {isa = PBXFileReference; fileEncoding = 4; lastKnownFileType = sourcecode.swift; path = URLSession.swift; sourceTree = "<group>"; };
		A305DD94210641C300911B64 /* MainTabbarNavigator.storyboard */ = {isa = PBXFileReference; lastKnownFileType = file.storyboard; path = MainTabbarNavigator.storyboard; sourceTree = "<group>"; };
		A305DD98210666AD00911B64 /* SelectPinViewController.swift */ = {isa = PBXFileReference; lastKnownFileType = sourcecode.swift; path = SelectPinViewController.swift; sourceTree = "<group>"; };
		A305DD9C21066B1100911B64 /* TransparantNavigationBar.swift */ = {isa = PBXFileReference; lastKnownFileType = sourcecode.swift; path = TransparantNavigationBar.swift; sourceTree = "<group>"; };
		A305DDA021068BCF00911B64 /* UIFont+Default.swift */ = {isa = PBXFileReference; lastKnownFileType = sourcecode.swift; path = "UIFont+Default.swift"; sourceTree = "<group>"; };
		A305DDA22106917400911B64 /* RoundedButton.swift */ = {isa = PBXFileReference; lastKnownFileType = sourcecode.swift; path = RoundedButton.swift; sourceTree = "<group>"; };
		A305DDA42106940E00911B64 /* .gitignore */ = {isa = PBXFileReference; lastKnownFileType = text; path = .gitignore; sourceTree = "<group>"; };
		A305DDA6210694ED00911B64 /* README.md */ = {isa = PBXFileReference; lastKnownFileType = net.daringfireball.markdown; path = README.md; sourceTree = "<group>"; };
		A305DDAD210782EB00911B64 /* PinTextField.swift */ = {isa = PBXFileReference; lastKnownFileType = sourcecode.swift; path = PinTextField.swift; sourceTree = "<group>"; };
		A305DDAF2107889200911B64 /* UIColor+Default.swift */ = {isa = PBXFileReference; lastKnownFileType = sourcecode.swift; path = "UIColor+Default.swift"; sourceTree = "<group>"; };
		A305DDB12107A1F100911B64 /* PinKeyboard.swift */ = {isa = PBXFileReference; lastKnownFileType = sourcecode.swift; path = PinKeyboard.swift; sourceTree = "<group>"; };
		A305DDB32107A1FB00911B64 /* Keyboard.swift */ = {isa = PBXFileReference; lastKnownFileType = sourcecode.swift; path = Keyboard.swift; sourceTree = "<group>"; };
		A305DDB62107A6CB00911B64 /* PanelView.swift */ = {isa = PBXFileReference; lastKnownFileType = sourcecode.swift; path = PanelView.swift; sourceTree = "<group>"; };
		A305DDB92107BB8B00911B64 /* KeyboardDelegate.swift */ = {isa = PBXFileReference; lastKnownFileType = sourcecode.swift; path = KeyboardDelegate.swift; sourceTree = "<group>"; };
		A305DDBC2107C7F600911B64 /* KeyboardKey.swift */ = {isa = PBXFileReference; lastKnownFileType = sourcecode.swift; path = KeyboardKey.swift; sourceTree = "<group>"; };
		A305DDBE2107C82200911B64 /* EmptyKey.swift */ = {isa = PBXFileReference; lastKnownFileType = sourcecode.swift; path = EmptyKey.swift; sourceTree = "<group>"; };
		A305DDC02107C82A00911B64 /* ImageKey.swift */ = {isa = PBXFileReference; lastKnownFileType = sourcecode.swift; path = ImageKey.swift; sourceTree = "<group>"; };
		A305DDC22107C83200911B64 /* NumberKey.swift */ = {isa = PBXFileReference; lastKnownFileType = sourcecode.swift; path = NumberKey.swift; sourceTree = "<group>"; };
		A305DDC42107C9E300911B64 /* BackKey.swift */ = {isa = PBXFileReference; lastKnownFileType = sourcecode.swift; path = BackKey.swift; sourceTree = "<group>"; };
		A32566402112588D006FB08A /* SettingsTableViewController.swift */ = {isa = PBXFileReference; lastKnownFileType = sourcecode.swift; path = SettingsTableViewController.swift; sourceTree = "<group>"; };
		A325664221135A00006FB08A /* Settings.storyboard */ = {isa = PBXFileReference; lastKnownFileType = file.storyboard; path = Settings.storyboard; sourceTree = "<group>"; };
		A32566442113729C006FB08A /* Receive.storyboard */ = {isa = PBXFileReference; lastKnownFileType = file.storyboard; path = Receive.storyboard; sourceTree = "<group>"; };
		A3256646211372A7006FB08A /* Send.storyboard */ = {isa = PBXFileReference; lastKnownFileType = file.storyboard; path = Send.storyboard; sourceTree = "<group>"; };
		A3256648211372B3006FB08A /* Transactions.storyboard */ = {isa = PBXFileReference; lastKnownFileType = file.storyboard; path = Transactions.storyboard; sourceTree = "<group>"; };
		A325664A211373FF006FB08A /* Wallet.storyboard */ = {isa = PBXFileReference; lastKnownFileType = file.storyboard; path = Wallet.storyboard; sourceTree = "<group>"; };
		A325664C211375E5006FB08A /* PinUnlockViewController.swift */ = {isa = PBXFileReference; lastKnownFileType = sourcecode.swift; path = PinUnlockViewController.swift; sourceTree = "<group>"; };
		A325664E2113B504006FB08A /* CurrencyTableViewController.swift */ = {isa = PBXFileReference; lastKnownFileType = sourcecode.swift; path = CurrencyTableViewController.swift; sourceTree = "<group>"; };
		A32566512115AEAC006FB08A /* XVGBalanceView.xib */ = {isa = PBXFileReference; lastKnownFileType = file.xib; path = XVGBalanceView.xib; sourceTree = "<group>"; };
		A32566532115AEBF006FB08A /* XVGBalanceView.swift */ = {isa = PBXFileReference; lastKnownFileType = sourcecode.swift; path = XVGBalanceView.swift; sourceTree = "<group>"; };
		A32566552115AEDB006FB08A /* FiatBalanceView.xib */ = {isa = PBXFileReference; lastKnownFileType = file.xib; path = FiatBalanceView.xib; sourceTree = "<group>"; };
		A32566572115AEE8006FB08A /* FiatBalanceView.swift */ = {isa = PBXFileReference; lastKnownFileType = sourcecode.swift; path = FiatBalanceView.swift; sourceTree = "<group>"; };
		A32566592115B0DF006FB08A /* BalanceSlide.swift */ = {isa = PBXFileReference; lastKnownFileType = sourcecode.swift; path = BalanceSlide.swift; sourceTree = "<group>"; };
		A325665C2116EF71006FB08A /* BlendedNavigationBar.swift */ = {isa = PBXFileReference; lastKnownFileType = sourcecode.swift; path = BlendedNavigationBar.swift; sourceTree = "<group>"; };
		A325665E211A2219006FB08A /* SwiftyJSON.framework */ = {isa = PBXFileReference; lastKnownFileType = wrapper.framework; name = SwiftyJSON.framework; path = Carthage/Build/iOS/SwiftyJSON.framework; sourceTree = "<group>"; };
		A3256660211A22C4006FB08A /* BarcodeScanner.framework */ = {isa = PBXFileReference; lastKnownFileType = wrapper.framework; name = BarcodeScanner.framework; path = Carthage/Build/iOS/BarcodeScanner.framework; sourceTree = "<group>"; };
		A3256662211A39A2006FB08A /* StatisicsAPIClient.swift */ = {isa = PBXFileReference; lastKnownFileType = sourcecode.swift; path = StatisicsAPIClient.swift; sourceTree = "<group>"; };
		A3256664211A3B61006FB08A /* XvgInfo.swift */ = {isa = PBXFileReference; lastKnownFileType = sourcecode.swift; path = XvgInfo.swift; sourceTree = "<group>"; };
		A338E694210CF60B000D44EE /* Setup.storyboard */ = {isa = PBXFileReference; lastKnownFileType = file.storyboard; path = Setup.storyboard; sourceTree = "<group>"; };
		A338E697210CF725000D44EE /* LoadingTorViewController.swift */ = {isa = PBXFileReference; lastKnownFileType = sourcecode.swift; path = LoadingTorViewController.swift; sourceTree = "<group>"; };
		A338E699210D1FC4000D44EE /* PaperKeyWordsViewController.swift */ = {isa = PBXFileReference; lastKnownFileType = sourcecode.swift; path = PaperKeyWordsViewController.swift; sourceTree = "<group>"; };
		A338E69B210D456D000D44EE /* ConfirmPaperkeyViewController.swift */ = {isa = PBXFileReference; lastKnownFileType = sourcecode.swift; path = ConfirmPaperkeyViewController.swift; sourceTree = "<group>"; };
		A338E69F210DC037000D44EE /* IQKeyboardManagerSwift.framework */ = {isa = PBXFileReference; lastKnownFileType = wrapper.framework; name = IQKeyboardManagerSwift.framework; path = Carthage/Build/iOS/IQKeyboardManagerSwift.framework; sourceTree = "<group>"; };
		A338E6A1210DD893000D44EE /* FinishSetupViewController.swift */ = {isa = PBXFileReference; lastKnownFileType = sourcecode.swift; path = FinishSetupViewController.swift; sourceTree = "<group>"; };
		A338E6A3210DDAED000D44EE /* AbstractPaperkeyViewController.swift */ = {isa = PBXFileReference; lastKnownFileType = sourcecode.swift; path = AbstractPaperkeyViewController.swift; sourceTree = "<group>"; };
		A338E6A5210DE489000D44EE /* Timeout.swift */ = {isa = PBXFileReference; lastKnownFileType = sourcecode.swift; path = Timeout.swift; sourceTree = "<group>"; };
		A338E6A7210E2B92000D44EE /* AbstractRestoreViewController.swift */ = {isa = PBXFileReference; lastKnownFileType = sourcecode.swift; path = AbstractRestoreViewController.swift; sourceTree = "<group>"; };
		A338E6AB210FD53E000D44EE /* WalletViewController.swift */ = {isa = PBXFileReference; lastKnownFileType = sourcecode.swift; path = WalletViewController.swift; sourceTree = "<group>"; };
		A338E6AF210FD558000D44EE /* TransactionsViewController.swift */ = {isa = PBXFileReference; lastKnownFileType = sourcecode.swift; path = TransactionsViewController.swift; sourceTree = "<group>"; };
		A338E6B22110D064000D44EE /* TransactionsWalletSlideView.xib */ = {isa = PBXFileReference; lastKnownFileType = file.xib; path = TransactionsWalletSlideView.xib; sourceTree = "<group>"; };
		A338E6B42110D075000D44EE /* WalletSlideView.swift */ = {isa = PBXFileReference; lastKnownFileType = sourcecode.swift; path = WalletSlideView.swift; sourceTree = "<group>"; };
		A338E6B62110D5D4000D44EE /* TransactionsWalletSlideView.swift */ = {isa = PBXFileReference; lastKnownFileType = sourcecode.swift; path = TransactionsWalletSlideView.swift; sourceTree = "<group>"; };
		A338E6B82110D60F000D44EE /* ChartWalletSlideView.xib */ = {isa = PBXFileReference; lastKnownFileType = file.xib; path = ChartWalletSlideView.xib; sourceTree = "<group>"; };
		A338E6BA2110D620000D44EE /* ChartWalletSlideView.swift */ = {isa = PBXFileReference; lastKnownFileType = sourcecode.swift; path = ChartWalletSlideView.swift; sourceTree = "<group>"; };
		A338E6BC2110D642000D44EE /* SummaryWalletSlideView.xib */ = {isa = PBXFileReference; lastKnownFileType = file.xib; path = SummaryWalletSlideView.xib; sourceTree = "<group>"; };
		A338E6BE2110D64C000D44EE /* SummaryWalletSlideView.swift */ = {isa = PBXFileReference; lastKnownFileType = sourcecode.swift; path = SummaryWalletSlideView.swift; sourceTree = "<group>"; };
		A338E6C02110F8E6000D44EE /* XvgAmountKeyboard.swift */ = {isa = PBXFileReference; lastKnownFileType = sourcecode.swift; path = XvgAmountKeyboard.swift; sourceTree = "<group>"; };
		A338E6C22110F9CB000D44EE /* StringKey.swift */ = {isa = PBXFileReference; lastKnownFileType = sourcecode.swift; path = StringKey.swift; sourceTree = "<group>"; };
		A338E6C52110FB31000D44EE /* SendViewController.swift */ = {isa = PBXFileReference; lastKnownFileType = sourcecode.swift; path = SendViewController.swift; sourceTree = "<group>"; };
		A338E6C92110FC2D000D44EE /* ReceiveViewController.swift */ = {isa = PBXFileReference; lastKnownFileType = sourcecode.swift; path = ReceiveViewController.swift; sourceTree = "<group>"; };
		A338E6CD21110A09000D44EE /* QRCode.framework */ = {isa = PBXFileReference; lastKnownFileType = wrapper.framework; name = QRCode.framework; path = Carthage/Build/iOS/QRCode.framework; sourceTree = "<group>"; };
		A33F6A6C20EEE485001492C2 /* VergeiOS.app */ = {isa = PBXFileReference; explicitFileType = wrapper.application; includeInIndex = 0; path = VergeiOS.app; sourceTree = BUILT_PRODUCTS_DIR; };
		A33F6A6F20EEE485001492C2 /* AppDelegate.swift */ = {isa = PBXFileReference; lastKnownFileType = sourcecode.swift; path = AppDelegate.swift; sourceTree = "<group>"; };
		A33F6A7120EEE485001492C2 /* WelcomeViewController.swift */ = {isa = PBXFileReference; lastKnownFileType = sourcecode.swift; path = WelcomeViewController.swift; sourceTree = "<group>"; };
		A33F6A7420EEE485001492C2 /* Base */ = {isa = PBXFileReference; lastKnownFileType = file.storyboard; name = Base; path = Base.lproj/WelcomeGuide.storyboard; sourceTree = "<group>"; };
		A33F6A7720EEE485001492C2 /* VergeiOS.xcdatamodel */ = {isa = PBXFileReference; lastKnownFileType = wrapper.xcdatamodel; path = VergeiOS.xcdatamodel; sourceTree = "<group>"; };
		A33F6A7920EEE487001492C2 /* Assets.xcassets */ = {isa = PBXFileReference; lastKnownFileType = folder.assetcatalog; path = Assets.xcassets; sourceTree = "<group>"; };
		A33F6A7C20EEE487001492C2 /* Base */ = {isa = PBXFileReference; lastKnownFileType = file.storyboard; name = Base; path = Base.lproj/LaunchScreen.storyboard; sourceTree = "<group>"; };
		A33F6A7E20EEE487001492C2 /* Info.plist */ = {isa = PBXFileReference; lastKnownFileType = text.plist.xml; path = Info.plist; sourceTree = "<group>"; };
		A33F6A8320EEE487001492C2 /* VergeiOSTests.xctest */ = {isa = PBXFileReference; explicitFileType = wrapper.cfbundle; includeInIndex = 0; path = VergeiOSTests.xctest; sourceTree = BUILT_PRODUCTS_DIR; };
		A33F6A8720EEE487001492C2 /* VergeCurrencyWalletTests.swift */ = {isa = PBXFileReference; lastKnownFileType = sourcecode.swift; path = VergeCurrencyWalletTests.swift; sourceTree = "<group>"; };
		A33F6A8920EEE487001492C2 /* Info.plist */ = {isa = PBXFileReference; lastKnownFileType = text.plist.xml; path = Info.plist; sourceTree = "<group>"; };
		A33F6A8E20EEE487001492C2 /* VergeiOSUITests.xctest */ = {isa = PBXFileReference; explicitFileType = wrapper.cfbundle; includeInIndex = 0; path = VergeiOSUITests.xctest; sourceTree = BUILT_PRODUCTS_DIR; };
		A33F6A9220EEE487001492C2 /* VergeCurrencyWalletUITests.swift */ = {isa = PBXFileReference; lastKnownFileType = sourcecode.swift; path = VergeCurrencyWalletUITests.swift; sourceTree = "<group>"; };
		A33F6A9420EEE487001492C2 /* Info.plist */ = {isa = PBXFileReference; lastKnownFileType = text.plist.xml; path = Info.plist; sourceTree = "<group>"; };
		A37641092107DC4E00E04521 /* KeyboardButton.swift */ = {isa = PBXFileReference; lastKnownFileType = sourcecode.swift; path = KeyboardButton.swift; sourceTree = "<group>"; };
		A37641122108E79800E04521 /* NetworkExtension.framework */ = {isa = PBXFileReference; lastKnownFileType = wrapper.framework; name = NetworkExtension.framework; path = System/Library/Frameworks/NetworkExtension.framework; sourceTree = SDKROOT; };
		A376411A2108F0C700E04521 /* Cartfile */ = {isa = PBXFileReference; lastKnownFileType = text; path = Cartfile; sourceTree = "<group>"; };
		A376411C2108F7B500E04521 /* Tor.framework */ = {isa = PBXFileReference; lastKnownFileType = wrapper.framework; name = Tor.framework; path = Carthage/Build/iOS/Tor.framework; sourceTree = "<group>"; };
		A37641202108FC1F00E04521 /* TorClient.swift */ = {isa = PBXFileReference; lastKnownFileType = sourcecode.swift; path = TorClient.swift; sourceTree = "<group>"; };
		A37641222108FCFA00E04521 /* ConfirmPinViewController.swift */ = {isa = PBXFileReference; lastKnownFileType = sourcecode.swift; path = ConfirmPinViewController.swift; sourceTree = "<group>"; };
		A3764127210A298700E04521 /* AbstractKey.swift */ = {isa = PBXFileReference; lastKnownFileType = sourcecode.swift; path = AbstractKey.swift; sourceTree = "<group>"; };
		A376412B210A500E00E04521 /* PaperKeyDescriptionViewController.swift */ = {isa = PBXFileReference; lastKnownFileType = sourcecode.swift; path = PaperKeyDescriptionViewController.swift; sourceTree = "<group>"; };
		A3764130210AE1D500E04521 /* Platform.swift */ = {isa = PBXFileReference; lastKnownFileType = sourcecode.swift; path = Platform.swift; sourceTree = "<group>"; };
/* End PBXFileReference section */

/* Begin PBXFrameworksBuildPhase section */
		A33F6A6920EEE485001492C2 /* Frameworks */ = {
			isa = PBXFrameworksBuildPhase;
			buildActionMask = 2147483647;
			files = (
				A37641132108E79800E04521 /* NetworkExtension.framework in Frameworks */,
				A338E6A0210DC037000D44EE /* IQKeyboardManagerSwift.framework in Frameworks */,
				A338E6CE21110A0A000D44EE /* QRCode.framework in Frameworks */,
				A376411D2108F7B500E04521 /* Tor.framework in Frameworks */,
				A3256661211A22C4006FB08A /* BarcodeScanner.framework in Frameworks */,
				A325665F211A2219006FB08A /* SwiftyJSON.framework in Frameworks */,
			);
			runOnlyForDeploymentPostprocessing = 0;
		};
		A33F6A8020EEE487001492C2 /* Frameworks */ = {
			isa = PBXFrameworksBuildPhase;
			buildActionMask = 2147483647;
			files = (
			);
			runOnlyForDeploymentPostprocessing = 0;
		};
		A33F6A8B20EEE487001492C2 /* Frameworks */ = {
			isa = PBXFrameworksBuildPhase;
			buildActionMask = 2147483647;
			files = (
			);
			runOnlyForDeploymentPostprocessing = 0;
		};
/* End PBXFrameworksBuildPhase section */

/* Begin PBXGroup section */
		07B9F44B2107C69D00871990 /* Model */ = {
			isa = PBXGroup;
			children = (
				07B9F4532107C9EB00871990 /* BlockchainInfo.swift */,
				A3256664211A3B61006FB08A /* XvgInfo.swift */,
			);
			path = Model;
			sourceTree = "<group>";
		};
		A305DD9121052A6A00911B64 /* Views */ = {
			isa = PBXGroup;
			children = (
				A338E696210CF717000D44EE /* Setup */,
				A338E6A9210FB4C0000D44EE /* RestoreGuide */,
				A305DD9221052A7100911B64 /* WelcomeGuide */,
				A338E6AA210FBAE8000D44EE /* Wallet */,
				A338E6B12110CF4D000D44EE /* Transactions */,
				A338E6C42110FB12000D44EE /* Send */,
				A338E6C72110FC02000D44EE /* Receive */,
				A338E6C82110FC12000D44EE /* Settings */,
			);
			path = Views;
			sourceTree = "<group>";
		};
		A305DD9221052A7100911B64 /* WelcomeGuide */ = {
			isa = PBXGroup;
			children = (
				A305DD98210666AD00911B64 /* SelectPinViewController.swift */,
				A37641222108FCFA00E04521 /* ConfirmPinViewController.swift */,
				A338E6A3210DDAED000D44EE /* AbstractPaperkeyViewController.swift */,
				A376412B210A500E00E04521 /* PaperKeyDescriptionViewController.swift */,
				A338E699210D1FC4000D44EE /* PaperKeyWordsViewController.swift */,
				A338E69B210D456D000D44EE /* ConfirmPaperkeyViewController.swift */,
			);
			path = WelcomeGuide;
			sourceTree = "<group>";
		};
		A305DD9321052AA400911B64 /* Storyboards */ = {
			isa = PBXGroup;
			children = (
				A338E694210CF60B000D44EE /* Setup.storyboard */,
				A33F6A7320EEE485001492C2 /* WelcomeGuide.storyboard */,
				07938403210DAD3800C3C799 /* RestoreGuide.storyboard */,
				A305DD94210641C300911B64 /* MainTabbarNavigator.storyboard */,
				A325664A211373FF006FB08A /* Wallet.storyboard */,
				A3256648211372B3006FB08A /* Transactions.storyboard */,
				A3256646211372A7006FB08A /* Send.storyboard */,
				A32566442113729C006FB08A /* Receive.storyboard */,
				A325664221135A00006FB08A /* Settings.storyboard */,
			);
			path = Storyboards;
			sourceTree = "<group>";
		};
		A305DD9A21066AE600911B64 /* Components */ = {
			isa = PBXGroup;
			children = (
				A305DD9B21066AF100911B64 /* UI */,
			);
			path = Components;
			sourceTree = "<group>";
		};
		A305DD9B21066AF100911B64 /* UI */ = {
			isa = PBXGroup;
			children = (
				A305DDBB2107C7D200911B64 /* Keyboards */,
				A305DDB52107A25F00911B64 /* Layout */,
				A305DDAC2107802E00911B64 /* Inputs */,
				A305DDAB2107801400911B64 /* Extensions */,
				A305DDAA21077FF800911B64 /* Buttons */,
				A305DDA921077FE200911B64 /* NavigationBars */,
			);
			path = UI;
			sourceTree = "<group>";
		};
		A305DDA921077FE200911B64 /* NavigationBars */ = {
			isa = PBXGroup;
			children = (
				A305DD9C21066B1100911B64 /* TransparantNavigationBar.swift */,
				A325665C2116EF71006FB08A /* BlendedNavigationBar.swift */,
			);
			path = NavigationBars;
			sourceTree = "<group>";
		};
		A305DDAA21077FF800911B64 /* Buttons */ = {
			isa = PBXGroup;
			children = (
				A305DDA22106917400911B64 /* RoundedButton.swift */,
			);
			path = Buttons;
			sourceTree = "<group>";
		};
		A305DDAB2107801400911B64 /* Extensions */ = {
			isa = PBXGroup;
			children = (
				0793840D210DD2ED00C3C799 /* UIView+Shake.swift */,
				A305DDA021068BCF00911B64 /* UIFont+Default.swift */,
				A305DDAF2107889200911B64 /* UIColor+Default.swift */,
			);
			path = Extensions;
			sourceTree = "<group>";
		};
		A305DDAC2107802E00911B64 /* Inputs */ = {
			isa = PBXGroup;
			children = (
				A305DDAD210782EB00911B64 /* PinTextField.swift */,
			);
			path = Inputs;
			sourceTree = "<group>";
		};
		A305DDB52107A25F00911B64 /* Layout */ = {
			isa = PBXGroup;
			children = (
				A305DDB62107A6CB00911B64 /* PanelView.swift */,
			);
			path = Layout;
			sourceTree = "<group>";
		};
		A305DDB82107BB7F00911B64 /* Delegates */ = {
			isa = PBXGroup;
			children = (
				A305DDB92107BB8B00911B64 /* KeyboardDelegate.swift */,
			);
			path = Delegates;
			sourceTree = "<group>";
		};
		A305DDBB2107C7D200911B64 /* Keyboards */ = {
			isa = PBXGroup;
			children = (
				A305DDB12107A1F100911B64 /* PinKeyboard.swift */,
				A338E6C02110F8E6000D44EE /* XvgAmountKeyboard.swift */,
				A305DDB32107A1FB00911B64 /* Keyboard.swift */,
				A305DDBC2107C7F600911B64 /* KeyboardKey.swift */,
				A305DDBE2107C82200911B64 /* EmptyKey.swift */,
				A305DDC02107C82A00911B64 /* ImageKey.swift */,
				A338E6C22110F9CB000D44EE /* StringKey.swift */,
				A305DDC22107C83200911B64 /* NumberKey.swift */,
				A305DDC42107C9E300911B64 /* BackKey.swift */,
				A37641092107DC4E00E04521 /* KeyboardButton.swift */,
				A3764127210A298700E04521 /* AbstractKey.swift */,
			);
			path = Keyboards;
			sourceTree = "<group>";
		};
		A32566502115AE91006FB08A /* BalanceSlides */ = {
			isa = PBXGroup;
			children = (
				A32566592115B0DF006FB08A /* BalanceSlide.swift */,
				A32566512115AEAC006FB08A /* XVGBalanceView.xib */,
				A32566532115AEBF006FB08A /* XVGBalanceView.swift */,
				A32566552115AEDB006FB08A /* FiatBalanceView.xib */,
				A32566572115AEE8006FB08A /* FiatBalanceView.swift */,
			);
			path = BalanceSlides;
			sourceTree = "<group>";
		};
		A325665B2116EAF4006FB08A /* WalletSlides */ = {
			isa = PBXGroup;
			children = (
				A338E6B42110D075000D44EE /* WalletSlideView.swift */,
				A338E6B22110D064000D44EE /* TransactionsWalletSlideView.xib */,
				A338E6B62110D5D4000D44EE /* TransactionsWalletSlideView.swift */,
				A338E6BC2110D642000D44EE /* SummaryWalletSlideView.xib */,
				A338E6BE2110D64C000D44EE /* SummaryWalletSlideView.swift */,
				A338E6B82110D60F000D44EE /* ChartWalletSlideView.xib */,
				A338E6BA2110D620000D44EE /* ChartWalletSlideView.swift */,
			);
			path = WalletSlides;
			sourceTree = "<group>";
		};
		A338E696210CF717000D44EE /* Setup */ = {
			isa = PBXGroup;
			children = (
				A338E697210CF725000D44EE /* LoadingTorViewController.swift */,
				A33F6A7120EEE485001492C2 /* WelcomeViewController.swift */,
				A338E6A1210DD893000D44EE /* FinishSetupViewController.swift */,
				A325664C211375E5006FB08A /* PinUnlockViewController.swift */,
			);
			path = Setup;
			sourceTree = "<group>";
		};
		A338E6A9210FB4C0000D44EE /* RestoreGuide */ = {
			isa = PBXGroup;
			children = (
				A338E6A7210E2B92000D44EE /* AbstractRestoreViewController.swift */,
				07938406210DB46C00C3C799 /* RestoreWalletController.swift */,
				0793840B210DC8A000C3C799 /* EnterRecoveryKeyController.swift */,
				0793840F210DD73900C3C799 /* FinalRecoveryController.swift */,
			);
			path = RestoreGuide;
			sourceTree = "<group>";
		};
		A338E6AA210FBAE8000D44EE /* Wallet */ = {
			isa = PBXGroup;
			children = (
				A325665B2116EAF4006FB08A /* WalletSlides */,
				A32566502115AE91006FB08A /* BalanceSlides */,
				A338E6AB210FD53E000D44EE /* WalletViewController.swift */,
			);
			path = Wallet;
			sourceTree = "<group>";
		};
		A338E6B12110CF4D000D44EE /* Transactions */ = {
			isa = PBXGroup;
			children = (
				A338E6AF210FD558000D44EE /* TransactionsViewController.swift */,
			);
			path = Transactions;
			sourceTree = "<group>";
		};
		A338E6C42110FB12000D44EE /* Send */ = {
			isa = PBXGroup;
			children = (
				A338E6C52110FB31000D44EE /* SendViewController.swift */,
			);
			path = Send;
			sourceTree = "<group>";
		};
		A338E6C72110FC02000D44EE /* Receive */ = {
			isa = PBXGroup;
			children = (
				A338E6C92110FC2D000D44EE /* ReceiveViewController.swift */,
			);
			path = Receive;
			sourceTree = "<group>";
		};
		A338E6C82110FC12000D44EE /* Settings */ = {
			isa = PBXGroup;
			children = (
				A32566402112588D006FB08A /* SettingsTableViewController.swift */,
				A325664E2113B504006FB08A /* CurrencyTableViewController.swift */,
			);
			path = Settings;
			sourceTree = "<group>";
		};
		A33F6A6320EEE485001492C2 = {
			isa = PBXGroup;
			children = (
				A376411A2108F0C700E04521 /* Cartfile */,
				A305DDA6210694ED00911B64 /* README.md */,
				A305DDA42106940E00911B64 /* .gitignore */,
				A33F6A6E20EEE485001492C2 /* VergeiOS */,
				A33F6A8620EEE487001492C2 /* VergeiOSTests */,
				A33F6A9120EEE487001492C2 /* VergeiOSUITests */,
				A33F6A6D20EEE485001492C2 /* Products */,
				A37641112108E79800E04521 /* Frameworks */,
			);
			sourceTree = "<group>";
		};
		A33F6A6D20EEE485001492C2 /* Products */ = {
			isa = PBXGroup;
			children = (
				A33F6A6C20EEE485001492C2 /* VergeiOS.app */,
				A33F6A8320EEE487001492C2 /* VergeiOSTests.xctest */,
				A33F6A8E20EEE487001492C2 /* VergeiOSUITests.xctest */,
			);
			name = Products;
			sourceTree = "<group>";
		};
		A33F6A6E20EEE485001492C2 /* VergeiOS */ = {
			isa = PBXGroup;
			children = (
				A376412F210AE1CA00E04521 /* Utils */,
				A376411F2108FC0200E04521 /* Http */,
				07B9F44B2107C69D00871990 /* Model */,
				A305DDB82107BB7F00911B64 /* Delegates */,
				A305DD9A21066AE600911B64 /* Components */,
				A305DD9321052AA400911B64 /* Storyboards */,
				A305DD9121052A6A00911B64 /* Views */,
				A33F6A6F20EEE485001492C2 /* AppDelegate.swift */,
				A33F6A7920EEE487001492C2 /* Assets.xcassets */,
				A33F6A7B20EEE487001492C2 /* LaunchScreen.storyboard */,
				A33F6A7E20EEE487001492C2 /* Info.plist */,
				A33F6A7620EEE485001492C2 /* VergeiOS.xcdatamodeld */,
			);
			path = VergeiOS;
			sourceTree = "<group>";
		};
		A33F6A8620EEE487001492C2 /* VergeiOSTests */ = {
			isa = PBXGroup;
			children = (
				A33F6A8720EEE487001492C2 /* VergeCurrencyWalletTests.swift */,
				A33F6A8920EEE487001492C2 /* Info.plist */,
			);
			path = VergeiOSTests;
			sourceTree = "<group>";
		};
		A33F6A9120EEE487001492C2 /* VergeiOSUITests */ = {
			isa = PBXGroup;
			children = (
				A33F6A9220EEE487001492C2 /* VergeCurrencyWalletUITests.swift */,
				A33F6A9420EEE487001492C2 /* Info.plist */,
			);
			path = VergeiOSUITests;
			sourceTree = "<group>";
		};
		A37641112108E79800E04521 /* Frameworks */ = {
			isa = PBXGroup;
			children = (
				A3256660211A22C4006FB08A /* BarcodeScanner.framework */,
				A325665E211A2219006FB08A /* SwiftyJSON.framework */,
				A338E6CD21110A09000D44EE /* QRCode.framework */,
				A338E69F210DC037000D44EE /* IQKeyboardManagerSwift.framework */,
				A376411C2108F7B500E04521 /* Tor.framework */,
				A37641122108E79800E04521 /* NetworkExtension.framework */,
			);
			name = Frameworks;
			sourceTree = "<group>";
		};
		A376411F2108FC0200E04521 /* Http */ = {
			isa = PBXGroup;
			children = (
				07C88D69210D047D00094EA1 /* URLSession.swift */,
				A37641202108FC1F00E04521 /* TorClient.swift */,
				07B9F44C2107C6C500871990 /* InsightAPIClient.swift */,
				A3256662211A39A2006FB08A /* StatisicsAPIClient.swift */,
			);
			path = Http;
			sourceTree = "<group>";
		};
		A376412F210AE1CA00E04521 /* Utils */ = {
			isa = PBXGroup;
			children = (
				A3764130210AE1D500E04521 /* Platform.swift */,
				A338E6A5210DE489000D44EE /* Timeout.swift */,
			);
			path = Utils;
			sourceTree = "<group>";
		};
/* End PBXGroup section */

/* Begin PBXNativeTarget section */
		A33F6A6B20EEE485001492C2 /* VergeiOS */ = {
			isa = PBXNativeTarget;
			buildConfigurationList = A33F6A9720EEE487001492C2 /* Build configuration list for PBXNativeTarget "VergeiOS" */;
			buildPhases = (
				A33F6A6820EEE485001492C2 /* Sources */,
				A33F6A6920EEE485001492C2 /* Frameworks */,
				A33F6A6A20EEE485001492C2 /* Resources */,
				A376411E2108F7D200E04521 /* ShellScript */,
			);
			buildRules = (
			);
			dependencies = (
			);
			name = VergeiOS;
			productName = VergeCurrencyWallet;
			productReference = A33F6A6C20EEE485001492C2 /* VergeiOS.app */;
			productType = "com.apple.product-type.application";
		};
		A33F6A8220EEE487001492C2 /* VergeiOSTests */ = {
			isa = PBXNativeTarget;
			buildConfigurationList = A33F6A9A20EEE487001492C2 /* Build configuration list for PBXNativeTarget "VergeiOSTests" */;
			buildPhases = (
				A33F6A7F20EEE487001492C2 /* Sources */,
				A33F6A8020EEE487001492C2 /* Frameworks */,
				A33F6A8120EEE487001492C2 /* Resources */,
			);
			buildRules = (
			);
			dependencies = (
				A33F6A8520EEE487001492C2 /* PBXTargetDependency */,
			);
			name = VergeiOSTests;
			productName = VergeCurrencyWalletTests;
			productReference = A33F6A8320EEE487001492C2 /* VergeiOSTests.xctest */;
			productType = "com.apple.product-type.bundle.unit-test";
		};
		A33F6A8D20EEE487001492C2 /* VergeiOSUITests */ = {
			isa = PBXNativeTarget;
			buildConfigurationList = A33F6A9D20EEE487001492C2 /* Build configuration list for PBXNativeTarget "VergeiOSUITests" */;
			buildPhases = (
				A33F6A8A20EEE487001492C2 /* Sources */,
				A33F6A8B20EEE487001492C2 /* Frameworks */,
				A33F6A8C20EEE487001492C2 /* Resources */,
			);
			buildRules = (
			);
			dependencies = (
				A33F6A9020EEE487001492C2 /* PBXTargetDependency */,
			);
			name = VergeiOSUITests;
			productName = VergeCurrencyWalletUITests;
			productReference = A33F6A8E20EEE487001492C2 /* VergeiOSUITests.xctest */;
			productType = "com.apple.product-type.bundle.ui-testing";
		};
/* End PBXNativeTarget section */

/* Begin PBXProject section */
		A33F6A6420EEE485001492C2 /* Project object */ = {
			isa = PBXProject;
			attributes = {
				LastSwiftUpdateCheck = 0940;
				LastUpgradeCheck = 0940;
				ORGANIZATIONNAME = "Verge Currency";
				TargetAttributes = {
					A33F6A6B20EEE485001492C2 = {
						CreatedOnToolsVersion = 9.4.1;
						SystemCapabilities = {
							com.apple.ApplicationGroups.iOS = {
								enabled = 0;
							};
						};
					};
					A33F6A8220EEE487001492C2 = {
						CreatedOnToolsVersion = 9.4.1;
						TestTargetID = A33F6A6B20EEE485001492C2;
					};
					A33F6A8D20EEE487001492C2 = {
						CreatedOnToolsVersion = 9.4.1;
						TestTargetID = A33F6A6B20EEE485001492C2;
					};
				};
			};
			buildConfigurationList = A33F6A6720EEE485001492C2 /* Build configuration list for PBXProject "VergeiOS" */;
			compatibilityVersion = "Xcode 9.3";
			developmentRegion = en;
			hasScannedForEncodings = 0;
			knownRegions = (
				en,
				Base,
			);
			mainGroup = A33F6A6320EEE485001492C2;
			productRefGroup = A33F6A6D20EEE485001492C2 /* Products */;
			projectDirPath = "";
			projectRoot = "";
			targets = (
				A33F6A6B20EEE485001492C2 /* VergeiOS */,
				A33F6A8220EEE487001492C2 /* VergeiOSTests */,
				A33F6A8D20EEE487001492C2 /* VergeiOSUITests */,
			);
		};
/* End PBXProject section */

/* Begin PBXResourcesBuildPhase section */
		A33F6A6A20EEE485001492C2 /* Resources */ = {
			isa = PBXResourcesBuildPhase;
			buildActionMask = 2147483647;
			files = (
				07938404210DAD3800C3C799 /* RestoreGuide.storyboard in Resources */,
				A325664B211373FF006FB08A /* Wallet.storyboard in Resources */,
				A376411B2108F0C700E04521 /* Cartfile in Resources */,
				A338E6B92110D60F000D44EE /* ChartWalletSlideView.xib in Resources */,
				A32566562115AEDB006FB08A /* FiatBalanceView.xib in Resources */,
				A325664321135A00006FB08A /* Settings.storyboard in Resources */,
				A305DDA52106940E00911B64 /* .gitignore in Resources */,
				A33F6A7D20EEE487001492C2 /* LaunchScreen.storyboard in Resources */,
				A32566522115AEAC006FB08A /* XVGBalanceView.xib in Resources */,
				A3256647211372A7006FB08A /* Send.storyboard in Resources */,
				A305DD95210641C300911B64 /* MainTabbarNavigator.storyboard in Resources */,
				A338E6B32110D064000D44EE /* TransactionsWalletSlideView.xib in Resources */,
				A3256649211372B3006FB08A /* Transactions.storyboard in Resources */,
				A338E695210CF60B000D44EE /* Setup.storyboard in Resources */,
				A33F6A7A20EEE487001492C2 /* Assets.xcassets in Resources */,
				A33F6A7520EEE485001492C2 /* WelcomeGuide.storyboard in Resources */,
				A338E6BD2110D642000D44EE /* SummaryWalletSlideView.xib in Resources */,
				A32566452113729C006FB08A /* Receive.storyboard in Resources */,
			);
			runOnlyForDeploymentPostprocessing = 0;
		};
		A33F6A8120EEE487001492C2 /* Resources */ = {
			isa = PBXResourcesBuildPhase;
			buildActionMask = 2147483647;
			files = (
			);
			runOnlyForDeploymentPostprocessing = 0;
		};
		A33F6A8C20EEE487001492C2 /* Resources */ = {
			isa = PBXResourcesBuildPhase;
			buildActionMask = 2147483647;
			files = (
			);
			runOnlyForDeploymentPostprocessing = 0;
		};
/* End PBXResourcesBuildPhase section */

/* Begin PBXShellScriptBuildPhase section */
		A376411E2108F7D200E04521 /* ShellScript */ = {
			isa = PBXShellScriptBuildPhase;
			buildActionMask = 2147483647;
			files = (
			);
			inputPaths = (
				"$(SRCROOT)/Carthage/Build/iOS/Tor.framework",
				"$(SRCROOT)/Carthage/Build/iOS/IQKeyboardManagerSwift.framework",
				"$(SRCROOT)/Carthage/Build/iOS/QRCode.framework",
				"$(SRCROOT)/Carthage/Build/iOS/SwiftyJSON.framework",
				"$(SRCROOT)/Carthage/Build/iOS/BarcodeScanner.framework",
			);
			outputPaths = (
				"$(BUILT_PRODUCTS_DIR)/$(FRAMEWORKS_FOLDER_PATH)/Tor.framework",
				"$(BUILT_PRODUCTS_DIR)/$(FRAMEWORKS_FOLDER_PATH)/IQKeyboardManagerSwift.framework",
				"$(BUILT_PRODUCTS_DIR)/$(FRAMEWORKS_FOLDER_PATH)/QRCode.framework",
				"$(BUILT_PRODUCTS_DIR)/$(FRAMEWORKS_FOLDER_PATH)/SwiftyJSON.framework",
				"$(BUILT_PRODUCTS_DIR)/$(FRAMEWORKS_FOLDER_PATH)/BarcodeScanner.framework",
			);
			runOnlyForDeploymentPostprocessing = 0;
			shellPath = /bin/sh;
			shellScript = "/usr/local/bin/carthage copy-frameworks";
		};
/* End PBXShellScriptBuildPhase section */

/* Begin PBXSourcesBuildPhase section */
		A33F6A6820EEE485001492C2 /* Sources */ = {
			isa = PBXSourcesBuildPhase;
			buildActionMask = 2147483647;
			files = (
				A305DDB22107A1F100911B64 /* PinKeyboard.swift in Sources */,
				A305DDBA2107BB8B00911B64 /* KeyboardDelegate.swift in Sources */,
				A338E6B72110D5D4000D44EE /* TransactionsWalletSlideView.swift in Sources */,
				A338E6A2210DD893000D44EE /* FinishSetupViewController.swift in Sources */,
				A338E6C12110F8E6000D44EE /* XvgAmountKeyboard.swift in Sources */,
				A338E6A4210DDAED000D44EE /* AbstractPaperkeyViewController.swift in Sources */,
				A32566412112588D006FB08A /* SettingsTableViewController.swift in Sources */,
				A305DD9D21066B1100911B64 /* TransparantNavigationBar.swift in Sources */,
				07938407210DB46C00C3C799 /* RestoreWalletController.swift in Sources */,
				A32566582115AEE8006FB08A /* FiatBalanceView.swift in Sources */,
				A33F6A7820EEE485001492C2 /* VergeiOS.xcdatamodeld in Sources */,
				A3256663211A39A2006FB08A /* StatisicsAPIClient.swift in Sources */,
				A325665D2116EF71006FB08A /* BlendedNavigationBar.swift in Sources */,
				A37641212108FC1F00E04521 /* TorClient.swift in Sources */,
				A305DDBF2107C82200911B64 /* EmptyKey.swift in Sources */,
				A3764131210AE1D500E04521 /* Platform.swift in Sources */,
				A338E6C62110FB31000D44EE /* SendViewController.swift in Sources */,
				A37641232108FCFA00E04521 /* ConfirmPinViewController.swift in Sources */,
				A376410A2107DC4E00E04521 /* KeyboardButton.swift in Sources */,
				A3764128210A298700E04521 /* AbstractKey.swift in Sources */,
				A305DDC12107C82A00911B64 /* ImageKey.swift in Sources */,
				A338E6B52110D075000D44EE /* WalletSlideView.swift in Sources */,
				A338E6B0210FD558000D44EE /* TransactionsViewController.swift in Sources */,
				A305DDB42107A1FB00911B64 /* Keyboard.swift in Sources */,
				A376412C210A500E00E04521 /* PaperKeyDescriptionViewController.swift in Sources */,
				A305DDB02107889200911B64 /* UIColor+Default.swift in Sources */,
				A338E6AC210FD53E000D44EE /* WalletViewController.swift in Sources */,
				A338E6C32110F9CB000D44EE /* StringKey.swift in Sources */,
				A338E69A210D1FC4000D44EE /* PaperKeyWordsViewController.swift in Sources */,
				A305DDC32107C83200911B64 /* NumberKey.swift in Sources */,
				A338E69C210D456D000D44EE /* ConfirmPaperkeyViewController.swift in Sources */,
				A325664D211375E5006FB08A /* PinUnlockViewController.swift in Sources */,
				A32566542115AEBF006FB08A /* XVGBalanceView.swift in Sources */,
				A33F6A7220EEE485001492C2 /* WelcomeViewController.swift in Sources */,
				0793840E210DD2ED00C3C799 /* UIView+Shake.swift in Sources */,
				A338E6BF2110D64C000D44EE /* SummaryWalletSlideView.swift in Sources */,
				A325665A2115B0DF006FB08A /* BalanceSlide.swift in Sources */,
				A305DD99210666AD00911B64 /* SelectPinViewController.swift in Sources */,
				A325664F2113B504006FB08A /* CurrencyTableViewController.swift in Sources */,
				07B9F44D2107C6C500871990 /* InsightAPIClient.swift in Sources */,
				A305DDA32106917400911B64 /* RoundedButton.swift in Sources */,
				07938410210DD73900C3C799 /* FinalRecoveryController.swift in Sources */,
				07B9F4542107C9EB00871990 /* BlockchainInfo.swift in Sources */,
				A3256665211A3B61006FB08A /* XvgInfo.swift in Sources */,
				A338E698210CF725000D44EE /* LoadingTorViewController.swift in Sources */,
				A338E6A8210E2B92000D44EE /* AbstractRestoreViewController.swift in Sources */,
				0793840C210DC8A000C3C799 /* EnterRecoveryKeyController.swift in Sources */,
				A305DDBD2107C7F600911B64 /* KeyboardKey.swift in Sources */,
				07C88D6A210D047E00094EA1 /* URLSession.swift in Sources */,
				A338E6CA2110FC2D000D44EE /* ReceiveViewController.swift in Sources */,
				A305DDAE210782EB00911B64 /* PinTextField.swift in Sources */,
				A305DDC52107C9E300911B64 /* BackKey.swift in Sources */,
				A338E6A6210DE489000D44EE /* Timeout.swift in Sources */,
				A305DDB72107A6CB00911B64 /* PanelView.swift in Sources */,
				A305DDA121068BCF00911B64 /* UIFont+Default.swift in Sources */,
				A338E6BB2110D620000D44EE /* ChartWalletSlideView.swift in Sources */,
				A33F6A7020EEE485001492C2 /* AppDelegate.swift in Sources */,
			);
			runOnlyForDeploymentPostprocessing = 0;
		};
		A33F6A7F20EEE487001492C2 /* Sources */ = {
			isa = PBXSourcesBuildPhase;
			buildActionMask = 2147483647;
			files = (
				A33F6A8820EEE487001492C2 /* VergeCurrencyWalletTests.swift in Sources */,
			);
			runOnlyForDeploymentPostprocessing = 0;
		};
		A33F6A8A20EEE487001492C2 /* Sources */ = {
			isa = PBXSourcesBuildPhase;
			buildActionMask = 2147483647;
			files = (
				A33F6A9320EEE487001492C2 /* VergeCurrencyWalletUITests.swift in Sources */,
			);
			runOnlyForDeploymentPostprocessing = 0;
		};
/* End PBXSourcesBuildPhase section */

/* Begin PBXTargetDependency section */
		A33F6A8520EEE487001492C2 /* PBXTargetDependency */ = {
			isa = PBXTargetDependency;
			target = A33F6A6B20EEE485001492C2 /* VergeiOS */;
			targetProxy = A33F6A8420EEE487001492C2 /* PBXContainerItemProxy */;
		};
		A33F6A9020EEE487001492C2 /* PBXTargetDependency */ = {
			isa = PBXTargetDependency;
			target = A33F6A6B20EEE485001492C2 /* VergeiOS */;
			targetProxy = A33F6A8F20EEE487001492C2 /* PBXContainerItemProxy */;
		};
/* End PBXTargetDependency section */

/* Begin PBXVariantGroup section */
		A33F6A7320EEE485001492C2 /* WelcomeGuide.storyboard */ = {
			isa = PBXVariantGroup;
			children = (
				A33F6A7420EEE485001492C2 /* Base */,
			);
			name = WelcomeGuide.storyboard;
			sourceTree = "<group>";
		};
		A33F6A7B20EEE487001492C2 /* LaunchScreen.storyboard */ = {
			isa = PBXVariantGroup;
			children = (
				A33F6A7C20EEE487001492C2 /* Base */,
			);
			name = LaunchScreen.storyboard;
			sourceTree = "<group>";
		};
/* End PBXVariantGroup section */

/* Begin XCBuildConfiguration section */
		A33F6A9520EEE487001492C2 /* Debug */ = {
			isa = XCBuildConfiguration;
			buildSettings = {
				ALWAYS_SEARCH_USER_PATHS = NO;
				CLANG_ANALYZER_NONNULL = YES;
				CLANG_ANALYZER_NUMBER_OBJECT_CONVERSION = YES_AGGRESSIVE;
				CLANG_CXX_LANGUAGE_STANDARD = "gnu++14";
				CLANG_CXX_LIBRARY = "libc++";
				CLANG_ENABLE_MODULES = YES;
				CLANG_ENABLE_OBJC_ARC = YES;
				CLANG_ENABLE_OBJC_WEAK = YES;
				CLANG_WARN_BLOCK_CAPTURE_AUTORELEASING = YES;
				CLANG_WARN_BOOL_CONVERSION = YES;
				CLANG_WARN_COMMA = YES;
				CLANG_WARN_CONSTANT_CONVERSION = YES;
				CLANG_WARN_DEPRECATED_OBJC_IMPLEMENTATIONS = YES;
				CLANG_WARN_DIRECT_OBJC_ISA_USAGE = YES_ERROR;
				CLANG_WARN_DOCUMENTATION_COMMENTS = YES;
				CLANG_WARN_EMPTY_BODY = YES;
				CLANG_WARN_ENUM_CONVERSION = YES;
				CLANG_WARN_INFINITE_RECURSION = YES;
				CLANG_WARN_INT_CONVERSION = YES;
				CLANG_WARN_NON_LITERAL_NULL_CONVERSION = YES;
				CLANG_WARN_OBJC_IMPLICIT_RETAIN_SELF = YES;
				CLANG_WARN_OBJC_LITERAL_CONVERSION = YES;
				CLANG_WARN_OBJC_ROOT_CLASS = YES_ERROR;
				CLANG_WARN_RANGE_LOOP_ANALYSIS = YES;
				CLANG_WARN_STRICT_PROTOTYPES = YES;
				CLANG_WARN_SUSPICIOUS_MOVE = YES;
				CLANG_WARN_UNGUARDED_AVAILABILITY = YES_AGGRESSIVE;
				CLANG_WARN_UNREACHABLE_CODE = YES;
				CLANG_WARN__DUPLICATE_METHOD_MATCH = YES;
				CODE_SIGN_IDENTITY = "iPhone Developer";
				COPY_PHASE_STRIP = NO;
				DEBUG_INFORMATION_FORMAT = dwarf;
				ENABLE_STRICT_OBJC_MSGSEND = YES;
				ENABLE_TESTABILITY = YES;
				GCC_C_LANGUAGE_STANDARD = gnu11;
				GCC_DYNAMIC_NO_PIC = NO;
				GCC_NO_COMMON_BLOCKS = YES;
				GCC_OPTIMIZATION_LEVEL = 0;
				GCC_PREPROCESSOR_DEFINITIONS = (
					"DEBUG=1",
					"$(inherited)",
				);
				GCC_WARN_64_TO_32_BIT_CONVERSION = YES;
				GCC_WARN_ABOUT_RETURN_TYPE = YES_ERROR;
				GCC_WARN_UNDECLARED_SELECTOR = YES;
				GCC_WARN_UNINITIALIZED_AUTOS = YES_AGGRESSIVE;
				GCC_WARN_UNUSED_FUNCTION = YES;
				GCC_WARN_UNUSED_VARIABLE = YES;
				IPHONEOS_DEPLOYMENT_TARGET = 11.4;
				MTL_ENABLE_DEBUG_INFO = YES;
				ONLY_ACTIVE_ARCH = YES;
				SDKROOT = iphoneos;
				SWIFT_ACTIVE_COMPILATION_CONDITIONS = DEBUG;
				SWIFT_OPTIMIZATION_LEVEL = "-Onone";
			};
			name = Debug;
		};
		A33F6A9620EEE487001492C2 /* Release */ = {
			isa = XCBuildConfiguration;
			buildSettings = {
				ALWAYS_SEARCH_USER_PATHS = NO;
				CLANG_ANALYZER_NONNULL = YES;
				CLANG_ANALYZER_NUMBER_OBJECT_CONVERSION = YES_AGGRESSIVE;
				CLANG_CXX_LANGUAGE_STANDARD = "gnu++14";
				CLANG_CXX_LIBRARY = "libc++";
				CLANG_ENABLE_MODULES = YES;
				CLANG_ENABLE_OBJC_ARC = YES;
				CLANG_ENABLE_OBJC_WEAK = YES;
				CLANG_WARN_BLOCK_CAPTURE_AUTORELEASING = YES;
				CLANG_WARN_BOOL_CONVERSION = YES;
				CLANG_WARN_COMMA = YES;
				CLANG_WARN_CONSTANT_CONVERSION = YES;
				CLANG_WARN_DEPRECATED_OBJC_IMPLEMENTATIONS = YES;
				CLANG_WARN_DIRECT_OBJC_ISA_USAGE = YES_ERROR;
				CLANG_WARN_DOCUMENTATION_COMMENTS = YES;
				CLANG_WARN_EMPTY_BODY = YES;
				CLANG_WARN_ENUM_CONVERSION = YES;
				CLANG_WARN_INFINITE_RECURSION = YES;
				CLANG_WARN_INT_CONVERSION = YES;
				CLANG_WARN_NON_LITERAL_NULL_CONVERSION = YES;
				CLANG_WARN_OBJC_IMPLICIT_RETAIN_SELF = YES;
				CLANG_WARN_OBJC_LITERAL_CONVERSION = YES;
				CLANG_WARN_OBJC_ROOT_CLASS = YES_ERROR;
				CLANG_WARN_RANGE_LOOP_ANALYSIS = YES;
				CLANG_WARN_STRICT_PROTOTYPES = YES;
				CLANG_WARN_SUSPICIOUS_MOVE = YES;
				CLANG_WARN_UNGUARDED_AVAILABILITY = YES_AGGRESSIVE;
				CLANG_WARN_UNREACHABLE_CODE = YES;
				CLANG_WARN__DUPLICATE_METHOD_MATCH = YES;
				CODE_SIGN_IDENTITY = "iPhone Developer";
				COPY_PHASE_STRIP = NO;
				DEBUG_INFORMATION_FORMAT = "dwarf-with-dsym";
				ENABLE_NS_ASSERTIONS = NO;
				ENABLE_STRICT_OBJC_MSGSEND = YES;
				GCC_C_LANGUAGE_STANDARD = gnu11;
				GCC_NO_COMMON_BLOCKS = YES;
				GCC_WARN_64_TO_32_BIT_CONVERSION = YES;
				GCC_WARN_ABOUT_RETURN_TYPE = YES_ERROR;
				GCC_WARN_UNDECLARED_SELECTOR = YES;
				GCC_WARN_UNINITIALIZED_AUTOS = YES_AGGRESSIVE;
				GCC_WARN_UNUSED_FUNCTION = YES;
				GCC_WARN_UNUSED_VARIABLE = YES;
				IPHONEOS_DEPLOYMENT_TARGET = 11.4;
				MTL_ENABLE_DEBUG_INFO = NO;
				SDKROOT = iphoneos;
				SWIFT_COMPILATION_MODE = wholemodule;
				SWIFT_OPTIMIZATION_LEVEL = "-O";
				VALIDATE_PRODUCT = YES;
			};
			name = Release;
		};
		A33F6A9820EEE487001492C2 /* Debug */ = {
			isa = XCBuildConfiguration;
			buildSettings = {
				ASSETCATALOG_COMPILER_APPICON_NAME = AppIcon;
				CODE_SIGN_STYLE = Automatic;
				CURRENT_PROJECT_VERSION = 0.1;
				DEVELOPMENT_TEAM = S7743EWR3C;
				DYLIB_CURRENT_VERSION = 0.1;
				FRAMEWORK_SEARCH_PATHS = (
					"$(inherited)",
					"$(PROJECT_DIR)/Frameworks",
					"$(PROJECT_DIR)/Carthage/Build/iOS",
				);
				INFOPLIST_FILE = "$(SRCROOT)/VergeiOS/Info.plist";
				LD_RUNPATH_SEARCH_PATHS = (
					"$(inherited)",
					"@executable_path/Frameworks",
				);
				PRODUCT_BUNDLE_IDENTIFIER = org.verge.ioswallet;
				PRODUCT_NAME = "$(TARGET_NAME)";
				SWIFT_VERSION = 4.0;
				TARGETED_DEVICE_FAMILY = "1,2";
				VERSIONING_SYSTEM = "apple-generic";
			};
			name = Debug;
		};
		A33F6A9920EEE487001492C2 /* Release */ = {
			isa = XCBuildConfiguration;
			buildSettings = {
				ASSETCATALOG_COMPILER_APPICON_NAME = AppIcon;
				CODE_SIGN_STYLE = Automatic;
				CURRENT_PROJECT_VERSION = 0.1;
				DEVELOPMENT_TEAM = S7743EWR3C;
				DYLIB_CURRENT_VERSION = 0.1;
				FRAMEWORK_SEARCH_PATHS = (
					"$(inherited)",
					"$(PROJECT_DIR)/Frameworks",
					"$(PROJECT_DIR)/Carthage/Build/iOS",
				);
				INFOPLIST_FILE = "$(SRCROOT)/VergeiOS/Info.plist";
				LD_RUNPATH_SEARCH_PATHS = (
					"$(inherited)",
					"@executable_path/Frameworks",
				);
				PRODUCT_BUNDLE_IDENTIFIER = org.verge.ioswallet;
				PRODUCT_NAME = "$(TARGET_NAME)";
				SWIFT_VERSION = 4.0;
				TARGETED_DEVICE_FAMILY = "1,2";
				VERSIONING_SYSTEM = "apple-generic";
			};
			name = Release;
		};
		A33F6A9B20EEE487001492C2 /* Debug */ = {
			isa = XCBuildConfiguration;
			buildSettings = {
				ALWAYS_EMBED_SWIFT_STANDARD_LIBRARIES = YES;
				BUNDLE_LOADER = "$(TEST_HOST)";
				CODE_SIGN_STYLE = Automatic;
				DEVELOPMENT_TEAM = S7743EWR3C;
				INFOPLIST_FILE = VergeCurrencyWalletTests/Info.plist;
				LD_RUNPATH_SEARCH_PATHS = (
					"$(inherited)",
					"@executable_path/Frameworks",
					"@loader_path/Frameworks",
				);
				PRODUCT_BUNDLE_IDENTIFIER = nl.hdsign.VergeCurrencyWalletTests;
				PRODUCT_NAME = "$(TARGET_NAME)";
				SWIFT_VERSION = 4.0;
				TARGETED_DEVICE_FAMILY = "1,2";
				TEST_HOST = "$(BUILT_PRODUCTS_DIR)/VergeiOS.app/VergeiOS";
			};
			name = Debug;
		};
		A33F6A9C20EEE487001492C2 /* Release */ = {
			isa = XCBuildConfiguration;
			buildSettings = {
				ALWAYS_EMBED_SWIFT_STANDARD_LIBRARIES = YES;
				BUNDLE_LOADER = "$(TEST_HOST)";
				CODE_SIGN_STYLE = Automatic;
				DEVELOPMENT_TEAM = S7743EWR3C;
				INFOPLIST_FILE = VergeCurrencyWalletTests/Info.plist;
				LD_RUNPATH_SEARCH_PATHS = (
					"$(inherited)",
					"@executable_path/Frameworks",
					"@loader_path/Frameworks",
				);
				PRODUCT_BUNDLE_IDENTIFIER = nl.hdsign.VergeCurrencyWalletTests;
				PRODUCT_NAME = "$(TARGET_NAME)";
				SWIFT_VERSION = 4.0;
				TARGETED_DEVICE_FAMILY = "1,2";
				TEST_HOST = "$(BUILT_PRODUCTS_DIR)/VergeiOS.app/VergeiOS";
			};
			name = Release;
		};
		A33F6A9E20EEE487001492C2 /* Debug */ = {
			isa = XCBuildConfiguration;
			buildSettings = {
				ALWAYS_EMBED_SWIFT_STANDARD_LIBRARIES = YES;
				CODE_SIGN_STYLE = Automatic;
				DEVELOPMENT_TEAM = S7743EWR3C;
				INFOPLIST_FILE = VergeCurrencyWalletUITests/Info.plist;
				LD_RUNPATH_SEARCH_PATHS = (
					"$(inherited)",
					"@executable_path/Frameworks",
					"@loader_path/Frameworks",
				);
				PRODUCT_BUNDLE_IDENTIFIER = nl.hdsign.VergeCurrencyWalletUITests;
				PRODUCT_NAME = "$(TARGET_NAME)";
				SWIFT_VERSION = 4.0;
				TARGETED_DEVICE_FAMILY = "1,2";
				TEST_TARGET_NAME = VergeCurrencyWallet;
			};
			name = Debug;
		};
		A33F6A9F20EEE487001492C2 /* Release */ = {
			isa = XCBuildConfiguration;
			buildSettings = {
				ALWAYS_EMBED_SWIFT_STANDARD_LIBRARIES = YES;
				CODE_SIGN_STYLE = Automatic;
				DEVELOPMENT_TEAM = S7743EWR3C;
				INFOPLIST_FILE = VergeCurrencyWalletUITests/Info.plist;
				LD_RUNPATH_SEARCH_PATHS = (
					"$(inherited)",
					"@executable_path/Frameworks",
					"@loader_path/Frameworks",
				);
				PRODUCT_BUNDLE_IDENTIFIER = nl.hdsign.VergeCurrencyWalletUITests;
				PRODUCT_NAME = "$(TARGET_NAME)";
				SWIFT_VERSION = 4.0;
				TARGETED_DEVICE_FAMILY = "1,2";
				TEST_TARGET_NAME = VergeCurrencyWallet;
			};
			name = Release;
		};
/* End XCBuildConfiguration section */

/* Begin XCConfigurationList section */
		A33F6A6720EEE485001492C2 /* Build configuration list for PBXProject "VergeiOS" */ = {
			isa = XCConfigurationList;
			buildConfigurations = (
				A33F6A9520EEE487001492C2 /* Debug */,
				A33F6A9620EEE487001492C2 /* Release */,
			);
			defaultConfigurationIsVisible = 0;
			defaultConfigurationName = Release;
		};
		A33F6A9720EEE487001492C2 /* Build configuration list for PBXNativeTarget "VergeiOS" */ = {
			isa = XCConfigurationList;
			buildConfigurations = (
				A33F6A9820EEE487001492C2 /* Debug */,
				A33F6A9920EEE487001492C2 /* Release */,
			);
			defaultConfigurationIsVisible = 0;
			defaultConfigurationName = Release;
		};
		A33F6A9A20EEE487001492C2 /* Build configuration list for PBXNativeTarget "VergeiOSTests" */ = {
			isa = XCConfigurationList;
			buildConfigurations = (
				A33F6A9B20EEE487001492C2 /* Debug */,
				A33F6A9C20EEE487001492C2 /* Release */,
			);
			defaultConfigurationIsVisible = 0;
			defaultConfigurationName = Release;
		};
		A33F6A9D20EEE487001492C2 /* Build configuration list for PBXNativeTarget "VergeiOSUITests" */ = {
			isa = XCConfigurationList;
			buildConfigurations = (
				A33F6A9E20EEE487001492C2 /* Debug */,
				A33F6A9F20EEE487001492C2 /* Release */,
			);
			defaultConfigurationIsVisible = 0;
			defaultConfigurationName = Release;
		};
/* End XCConfigurationList section */

/* Begin XCVersionGroup section */
		A33F6A7620EEE485001492C2 /* VergeiOS.xcdatamodeld */ = {
			isa = XCVersionGroup;
			children = (
				A33F6A7720EEE485001492C2 /* VergeiOS.xcdatamodel */,
			);
			currentVersion = A33F6A7720EEE485001492C2 /* VergeiOS.xcdatamodel */;
			path = VergeiOS.xcdatamodeld;
			sourceTree = "<group>";
			versionGroupType = wrapper.xcdatamodel;
		};
/* End XCVersionGroup section */
	};
	rootObject = A33F6A6420EEE485001492C2 /* Project object */;
}
