{
  "object": {
    "pins": [
      {
        "package": "Charts",
        "repositoryURL": "https://github.com/danielgindi/Charts.git",
        "state": {
          "branch": null,
          "revision": "7ac4a05e83d279bac305a472af9128c2a0eca3d7",
          "version": "3.5.0"
        }
      },
      {
        "package": "CoreStore",
        "repositoryURL": "https://github.com/JohnEstropia/CoreStore.git",
        "state": {
          "branch": null,
          "revision": "d6eae8c0912aafdcfdd6e97ccd39922b6a6b83e9",
          "version": "7.3.0"
        }
      },
      {
        "package": "CryptoSwift",
        "repositoryURL": "https://github.com/krzyzanowskim/CryptoSwift.git",
        "state": {
          "branch": null,
          "revision": "af1b58fc569bfde777462349b9f7314b61762be0",
          "version": "1.3.2"
        }
      },
      {
        "package": "Eureka",
        "repositoryURL": "https://github.com/xmartlabs/Eureka.git",
        "state": {
          "branch": null,
          "revision": "9fe153d2be663621d4f53196bf1b7effb83d7017",
          "version": "5.3.0"
        }
      },
      {
        "package": "IQKeyboardManagerSwift",
        "repositoryURL": "https://github.com/hackiftekhar/IQKeyboardManager.git",
        "state": {
          "branch": null,
          "revision": "4dc6bc7d1c9747bd0c261c8c055903f9fdef91f7",
          "version": "6.5.6"
        }
      },
      {
        "package": "KeychainSwift",
        "repositoryURL": "https://github.com/evgenyneu/keychain-swift.git",
        "state": {
          "branch": null,
          "revision": "96fb84f45a96630e7583903bd7e08cf095c7a7ef",
          "version": "19.0.0"
        }
      },
      {
        "package": "Promises",
        "repositoryURL": "https://github.com/google/promises.git",
        "state": {
          "branch": null,
          "revision": "c5cdb6bdc2d3db8ef81e3bc71d55d31baf638837",
          "version": "1.2.10"
        }
      },
      {
        "package": "swift-log",
        "repositoryURL": "https://github.com/apple/swift-log.git",
        "state": {
          "branch": null,
          "revision": "173f567a2dfec11d74588eea82cecea555bdc0bc",
          "version": "1.4.0"
        }
      },
      {
        "package": "SwifterSwift",
        "repositoryURL": "https://github.com/SwifterSwift/SwifterSwift.git",
        "state": {
          "branch": null,
          "revision": "dc813f3aa92f904a009fe543b99d5649dce7c134",
          "version": "5.2.0"
        }
      },
      {
        "package": "SwiftyJSON",
        "repositoryURL": "https://github.com/SwiftyJSON/SwiftyJSON.git",
        "state": {
          "branch": null,
          "revision": "2b6054efa051565954e1d2b9da831680026cd768",
          "version": "5.0.0"
        }
      }
    ]
  },
  "version": 1
}
